
Microsoft Visual Studio Solution File, Format Version 12.00
# Visual Studio 15
VisualStudioVersion = 15.0.27703.2000
MinimumVisualStudioVersion = 10.0.40219.1
Project("{FAE04EC0-301F-11D3-BF4B-00C04F79EFBC}") = "TaxiService", "TaxiService\TaxiService.csproj", "{06A429A3-3FA7-4052-94F2-1C3673A87B27}"
EndProject
Project("{FAE04EC0-301F-11D3-BF4B-00C04F79EFBC}") = "DAL", "DAL\DAL.csproj", "{25B02C41-BB81-434A-8813-7F9A4F0A425A}"
EndProject
Project("{FAE04EC0-301F-11D3-BF4B-00C04F79EFBC}") = "DataModel", "DataModel\DataModel.csproj", "{6D56E553-3B33-4342-B604-0EE8738DF32A}"
EndProject
Global
	GlobalSection(SolutionConfigurationPlatforms) = preSolution
		Debug|Any CPU = Debug|Any CPU
		Release|Any CPU = Release|Any CPU
	EndGlobalSection
	GlobalSection(ProjectConfigurationPlatforms) = postSolution
		{06A429A3-3FA7-4052-94F2-1C3673A87B27}.Debug|Any CPU.ActiveCfg = Debug|Any CPU
		{06A429A3-3FA7-4052-94F2-1C3673A87B27}.Debug|Any CPU.Build.0 = Debug|Any CPU
		{06A429A3-3FA7-4052-94F2-1C3673A87B27}.Release|Any CPU.ActiveCfg = Release|Any CPU
		{06A429A3-3FA7-4052-94F2-1C3673A87B27}.Release|Any CPU.Build.0 = Release|Any CPU
		{25B02C41-BB81-434A-8813-7F9A4F0A425A}.Debug|Any CPU.ActiveCfg = Debug|Any CPU
		{25B02C41-BB81-434A-8813-7F9A4F0A425A}.Debug|Any CPU.Build.0 = Debug|Any CPU
		{25B02C41-BB81-434A-8813-7F9A4F0A425A}.Release|Any CPU.ActiveCfg = Release|Any CPU
		{25B02C41-BB81-434A-8813-7F9A4F0A425A}.Release|Any CPU.Build.0 = Release|Any CPU
		{6D56E553-3B33-4342-B604-0EE8738DF32A}.Debug|Any CPU.ActiveCfg = Debug|Any CPU
		{6D56E553-3B33-4342-B604-0EE8738DF32A}.Debug|Any CPU.Build.0 = Debug|Any CPU
		{6D56E553-3B33-4342-B604-0EE8738DF32A}.Release|Any CPU.ActiveCfg = Release|Any CPU
		{6D56E553-3B33-4342-B604-0EE8738DF32A}.Release|Any CPU.Build.0 = Release|Any CPU
	EndGlobalSection
	GlobalSection(SolutionProperties) = preSolution
		HideSolutionNode = FALSE
	EndGlobalSection
	GlobalSection(ExtensibilityGlobals) = postSolution
		SolutionGuid = {B5FABB1A-47AA-44DA-B4F0-2ED521322ADB}
	EndGlobalSection
	GlobalSection(TeamFoundationVersionControl) = preSolution
		SccNumberOfProjects = 4
		SccEnterpriseProvider = {4CA58AB2-18FA-4F8D-95D4-32DDF27D184C}
		SccTeamFoundationServer = https://srki1925.visualstudio.com/
		SccLocalPath0 = .
		SccProjectUniqueName1 = TaxiService\\TaxiService.csproj
		SccProjectName1 = TaxiService
		SccLocalPath1 = TaxiService
		SccProjectUniqueName2 = DAL\\DAL.csproj
		SccProjectName2 = DAL
		SccLocalPath2 = DAL
		SccProjectUniqueName3 = DataModel\\DataModel.csproj
		SccProjectName3 = DataModel
		SccLocalPath3 = DataModel
	EndGlobalSection
EndGlobal
